// !$*UTF8*$!
{
	archiveVersion = 1;
	classes = {
	};
	objectVersion = 56;
	objects = {

/* Begin PBXBuildFile section */
		364B6D642A879A67005E4856 /* TestAppApp.swift in Sources */ = {isa = PBXBuildFile; fileRef = 364B6D632A879A67005E4856 /* TestAppApp.swift */; };
		364B6D662A879A67005E4856 /* ContentView.swift in Sources */ = {isa = PBXBuildFile; fileRef = 364B6D652A879A67005E4856 /* ContentView.swift */; };
		364B6D682A879A69005E4856 /* Assets.xcassets in Resources */ = {isa = PBXBuildFile; fileRef = 364B6D672A879A69005E4856 /* Assets.xcassets */; };
		364B6D6B2A879A69005E4856 /* Preview Assets.xcassets in Resources */ = {isa = PBXBuildFile; fileRef = 364B6D6A2A879A69005E4856 /* Preview Assets.xcassets */; };
		364B6D762A879B04005E4856 /* Coordinate.swift in Sources */ = {isa = PBXBuildFile; fileRef = 364B6D752A879B04005E4856 /* Coordinate.swift */; };
		364B6D782A879B14005E4856 /* DrivingInfo.swift in Sources */ = {isa = PBXBuildFile; fileRef = 364B6D772A879B14005E4856 /* DrivingInfo.swift */; };
		364B6D7D2A879B5A005E4856 /* Requests.swift in Sources */ = {isa = PBXBuildFile; fileRef = 364B6D7C2A879B5A005E4856 /* Requests.swift */; };
		364B6D802A879BF5005E4856 /* KNSDK in Frameworks */ = {isa = PBXBuildFile; productRef = 364B6D7F2A879BF5005E4856 /* KNSDK */; };
		364B6D832A879C03005E4856 /* Alamofire in Frameworks */ = {isa = PBXBuildFile; productRef = 364B6D822A879C03005E4856 /* Alamofire */; };
		364B6D8A2A879D0E005E4856 /* MapView.swift in Sources */ = {isa = PBXBuildFile; fileRef = 364B6D892A879D0E005E4856 /* MapView.swift */; };
		364B6D8E2A879EAC005E4856 /* NavVC.m in Sources */ = {isa = PBXBuildFile; fileRef = 364B6D8D2A879EAC005E4856 /* NavVC.m */; };
		364B6D912A879EEB005E4856 /* NavView.swift in Sources */ = {isa = PBXBuildFile; fileRef = 364B6D902A879EEB005E4856 /* NavView.swift */; };
		364B6D932A87A846005E4856 /* MainViewModel.swift in Sources */ = {isa = PBXBuildFile; fileRef = 364B6D922A87A846005E4856 /* MainViewModel.swift */; };
		364B6D952A87AA08005E4856 /* LocationManager.swift in Sources */ = {isa = PBXBuildFile; fileRef = 364B6D942A87AA08005E4856 /* LocationManager.swift */; };
/* End PBXBuildFile section */

/* Begin PBXFileReference section */
		364B6D602A879A67005E4856 /* TestApp.app */ = {isa = PBXFileReference; explicitFileType = wrapper.application; includeInIndex = 0; path = TestApp.app; sourceTree = BUILT_PRODUCTS_DIR; };
		364B6D632A879A67005E4856 /* TestAppApp.swift */ = {isa = PBXFileReference; lastKnownFileType = sourcecode.swift; path = TestAppApp.swift; sourceTree = "<group>"; };
		364B6D652A879A67005E4856 /* ContentView.swift */ = {isa = PBXFileReference; lastKnownFileType = sourcecode.swift; path = ContentView.swift; sourceTree = "<group>"; };
		364B6D672A879A69005E4856 /* Assets.xcassets */ = {isa = PBXFileReference; lastKnownFileType = folder.assetcatalog; path = Assets.xcassets; sourceTree = "<group>"; };
		364B6D6A2A879A69005E4856 /* Preview Assets.xcassets */ = {isa = PBXFileReference; lastKnownFileType = folder.assetcatalog; path = "Preview Assets.xcassets"; sourceTree = "<group>"; };
		364B6D752A879B04005E4856 /* Coordinate.swift */ = {isa = PBXFileReference; lastKnownFileType = sourcecode.swift; path = Coordinate.swift; sourceTree = "<group>"; };
		364B6D772A879B14005E4856 /* DrivingInfo.swift */ = {isa = PBXFileReference; lastKnownFileType = sourcecode.swift; path = DrivingInfo.swift; sourceTree = "<group>"; };
		364B6D7C2A879B5A005E4856 /* Requests.swift */ = {isa = PBXFileReference; lastKnownFileType = sourcecode.swift; path = Requests.swift; sourceTree = "<group>"; };
		364B6D892A879D0E005E4856 /* MapView.swift */ = {isa = PBXFileReference; lastKnownFileType = sourcecode.swift; path = MapView.swift; sourceTree = "<group>"; };
		364B6D8B2A879E1B005E4856 /* Info.plist */ = {isa = PBXFileReference; lastKnownFileType = text.plist; path = Info.plist; sourceTree = "<group>"; };
		364B6D8C2A879EAB005E4856 /* TestApp-Bridging-Header.h */ = {isa = PBXFileReference; lastKnownFileType = sourcecode.c.h; path = "TestApp-Bridging-Header.h"; sourceTree = "<group>"; };
		364B6D8D2A879EAC005E4856 /* NavVC.m */ = {isa = PBXFileReference; lastKnownFileType = sourcecode.c.objc; path = NavVC.m; sourceTree = "<group>"; };
		364B6D8F2A879EC4005E4856 /* NavVC.h */ = {isa = PBXFileReference; lastKnownFileType = sourcecode.c.h; path = NavVC.h; sourceTree = "<group>"; };
		364B6D902A879EEB005E4856 /* NavView.swift */ = {isa = PBXFileReference; lastKnownFileType = sourcecode.swift; path = NavView.swift; sourceTree = "<group>"; };
		364B6D922A87A846005E4856 /* MainViewModel.swift */ = {isa = PBXFileReference; lastKnownFileType = sourcecode.swift; path = MainViewModel.swift; sourceTree = "<group>"; };
		364B6D942A87AA08005E4856 /* LocationManager.swift */ = {isa = PBXFileReference; lastKnownFileType = sourcecode.swift; path = LocationManager.swift; sourceTree = "<group>"; };
/* End PBXFileReference section */

/* Begin PBXFrameworksBuildPhase section */
		364B6D5D2A879A67005E4856 /* Frameworks */ = {
			isa = PBXFrameworksBuildPhase;
			buildActionMask = 2147483647;
			files = (
				364B6D802A879BF5005E4856 /* KNSDK in Frameworks */,
				364B6D832A879C03005E4856 /* Alamofire in Frameworks */,
			);
			runOnlyForDeploymentPostprocessing = 0;
		};
/* End PBXFrameworksBuildPhase section */

/* Begin PBXGroup section */
		364B6D572A879A67005E4856 = {
			isa = PBXGroup;
			children = (
				364B6D622A879A67005E4856 /* TestApp */,
				364B6D612A879A67005E4856 /* Products */,
			);
			sourceTree = "<group>";
		};
		364B6D612A879A67005E4856 /* Products */ = {
			isa = PBXGroup;
			children = (
				364B6D602A879A67005E4856 /* TestApp.app */,
			);
			name = Products;
			sourceTree = "<group>";
		};
		364B6D622A879A67005E4856 /* TestApp */ = {
			isa = PBXGroup;
			children = (
				364B6D8B2A879E1B005E4856 /* Info.plist */,
				364B6D842A879C3C005E4856 /* Application */,
				364B6D732A879AE6005E4856 /* ViewModel */,
				364B6D792A879B25005E4856 /* Components */,
				364B6D852A879C4A005E4856 /* Sources */,
				364B6D672A879A69005E4856 /* Assets.xcassets */,
				364B6D692A879A69005E4856 /* Preview Content */,
			);
			path = TestApp;
			sourceTree = "<group>";
		};
		364B6D692A879A69005E4856 /* Preview Content */ = {
			isa = PBXGroup;
			children = (
				364B6D6A2A879A69005E4856 /* Preview Assets.xcassets */,
			);
			path = "Preview Content";
			sourceTree = "<group>";
		};
		364B6D732A879AE6005E4856 /* ViewModel */ = {
			isa = PBXGroup;
			children = (
				364B6D922A87A846005E4856 /* MainViewModel.swift */,
			);
			path = ViewModel;
			sourceTree = "<group>";
		};
		364B6D742A879AF4005E4856 /* Model */ = {
			isa = PBXGroup;
			children = (
				364B6D752A879B04005E4856 /* Coordinate.swift */,
				364B6D772A879B14005E4856 /* DrivingInfo.swift */,
			);
			path = Model;
			sourceTree = "<group>";
		};
		364B6D792A879B25005E4856 /* Components */ = {
			isa = PBXGroup;
			children = (
				364B6D7C2A879B5A005E4856 /* Requests.swift */,
				364B6D942A87AA08005E4856 /* LocationManager.swift */,
			);
			path = Components;
			sourceTree = "<group>";
		};
		364B6D842A879C3C005E4856 /* Application */ = {
			isa = PBXGroup;
			children = (
				364B6D8C2A879EAB005E4856 /* TestApp-Bridging-Header.h */,
				364B6D632A879A67005E4856 /* TestAppApp.swift */,
				364B6D652A879A67005E4856 /* ContentView.swift */,
			);
			path = Application;
			sourceTree = "<group>";
		};
		364B6D852A879C4A005E4856 /* Sources */ = {
			isa = PBXGroup;
			children = (
				364B6D742A879AF4005E4856 /* Model */,
				364B6D862A879CB9005E4856 /* View */,
			);
			path = Sources;
			sourceTree = "<group>";
		};
		364B6D862A879CB9005E4856 /* View */ = {
			isa = PBXGroup;
			children = (
				364B6D882A879CFB005E4856 /* Map */,
				364B6D872A879CF9005E4856 /* Nav */,
			);
			path = View;
			sourceTree = "<group>";
		};
		364B6D872A879CF9005E4856 /* Nav */ = {
			isa = PBXGroup;
			children = (
				364B6D8F2A879EC4005E4856 /* NavVC.h */,
				364B6D8D2A879EAC005E4856 /* NavVC.m */,
				364B6D902A879EEB005E4856 /* NavView.swift */,
			);
			path = Nav;
			sourceTree = "<group>";
		};
		364B6D882A879CFB005E4856 /* Map */ = {
			isa = PBXGroup;
			children = (
				364B6D892A879D0E005E4856 /* MapView.swift */,
			);
			path = Map;
			sourceTree = "<group>";
		};
/* End PBXGroup section */

/* Begin PBXNativeTarget section */
		364B6D5F2A879A67005E4856 /* TestApp */ = {
			isa = PBXNativeTarget;
			buildConfigurationList = 364B6D6E2A879A69005E4856 /* Build configuration list for PBXNativeTarget "TestApp" */;
			buildPhases = (
				364B6D5C2A879A67005E4856 /* Sources */,
				364B6D5D2A879A67005E4856 /* Frameworks */,
				364B6D5E2A879A67005E4856 /* Resources */,
			);
			buildRules = (
			);
			dependencies = (
			);
			name = TestApp;
			packageProductDependencies = (
				364B6D7F2A879BF5005E4856 /* KNSDK */,
				364B6D822A879C03005E4856 /* Alamofire */,
			);
			productName = TestApp;
			productReference = 364B6D602A879A67005E4856 /* TestApp.app */;
			productType = "com.apple.product-type.application";
		};
/* End PBXNativeTarget section */

/* Begin PBXProject section */
		364B6D582A879A67005E4856 /* Project object */ = {
			isa = PBXProject;
			attributes = {
				BuildIndependentTargetsInParallel = 1;
				LastSwiftUpdateCheck = 1430;
				LastUpgradeCheck = 1430;
				TargetAttributes = {
					364B6D5F2A879A67005E4856 = {
						CreatedOnToolsVersion = 14.3.1;
						LastSwiftMigration = 1430;
					};
				};
			};
			buildConfigurationList = 364B6D5B2A879A67005E4856 /* Build configuration list for PBXProject "TestApp" */;
			compatibilityVersion = "Xcode 14.0";
			developmentRegion = en;
			hasScannedForEncodings = 0;
			knownRegions = (
				en,
				Base,
			);
			mainGroup = 364B6D572A879A67005E4856;
			packageReferences = (
				364B6D7E2A879BF5005E4856 /* XCRemoteSwiftPackageReference "KNSDK-UI" */,
				364B6D812A879C03005E4856 /* XCRemoteSwiftPackageReference "Alamofire" */,
			);
			productRefGroup = 364B6D612A879A67005E4856 /* Products */;
			projectDirPath = "";
			projectRoot = "";
			targets = (
				364B6D5F2A879A67005E4856 /* TestApp */,
			);
		};
/* End PBXProject section */

/* Begin PBXResourcesBuildPhase section */
		364B6D5E2A879A67005E4856 /* Resources */ = {
			isa = PBXResourcesBuildPhase;
			buildActionMask = 2147483647;
			files = (
				364B6D6B2A879A69005E4856 /* Preview Assets.xcassets in Resources */,
				364B6D682A879A69005E4856 /* Assets.xcassets in Resources */,
			);
			runOnlyForDeploymentPostprocessing = 0;
		};
/* End PBXResourcesBuildPhase section */

/* Begin PBXSourcesBuildPhase section */
		364B6D5C2A879A67005E4856 /* Sources */ = {
			isa = PBXSourcesBuildPhase;
			buildActionMask = 2147483647;
			files = (
				364B6D662A879A67005E4856 /* ContentView.swift in Sources */,
				364B6D8A2A879D0E005E4856 /* MapView.swift in Sources */,
				364B6D952A87AA08005E4856 /* LocationManager.swift in Sources */,
				364B6D642A879A67005E4856 /* TestAppApp.swift in Sources */,
				364B6D782A879B14005E4856 /* DrivingInfo.swift in Sources */,
				364B6D932A87A846005E4856 /* MainViewModel.swift in Sources */,
				364B6D8E2A879EAC005E4856 /* NavVC.m in Sources */,
				364B6D7D2A879B5A005E4856 /* Requests.swift in Sources */,
				364B6D912A879EEB005E4856 /* NavView.swift in Sources */,
				364B6D762A879B04005E4856 /* Coordinate.swift in Sources */,
			);
			runOnlyForDeploymentPostprocessing = 0;
		};
/* End PBXSourcesBuildPhase section */

/* Begin XCBuildConfiguration section */
		364B6D6C2A879A69005E4856 /* Debug */ = {
			isa = XCBuildConfiguration;
			buildSettings = {
				ALWAYS_SEARCH_USER_PATHS = NO;
				CLANG_ANALYZER_NONNULL = YES;
				CLANG_ANALYZER_NUMBER_OBJECT_CONVERSION = YES_AGGRESSIVE;
				CLANG_CXX_LANGUAGE_STANDARD = "gnu++20";
				CLANG_ENABLE_MODULES = YES;
				CLANG_ENABLE_OBJC_ARC = YES;
				CLANG_ENABLE_OBJC_WEAK = YES;
				CLANG_WARN_BLOCK_CAPTURE_AUTORELEASING = YES;
				CLANG_WARN_BOOL_CONVERSION = YES;
				CLANG_WARN_COMMA = YES;
				CLANG_WARN_CONSTANT_CONVERSION = YES;
				CLANG_WARN_DEPRECATED_OBJC_IMPLEMENTATIONS = YES;
				CLANG_WARN_DIRECT_OBJC_ISA_USAGE = YES_ERROR;
				CLANG_WARN_DOCUMENTATION_COMMENTS = YES;
				CLANG_WARN_EMPTY_BODY = YES;
				CLANG_WARN_ENUM_CONVERSION = YES;
				CLANG_WARN_INFINITE_RECURSION = YES;
				CLANG_WARN_INT_CONVERSION = YES;
				CLANG_WARN_NON_LITERAL_NULL_CONVERSION = YES;
				CLANG_WARN_OBJC_IMPLICIT_RETAIN_SELF = YES;
				CLANG_WARN_OBJC_LITERAL_CONVERSION = YES;
				CLANG_WARN_OBJC_ROOT_CLASS = YES_ERROR;
				CLANG_WARN_QUOTED_INCLUDE_IN_FRAMEWORK_HEADER = YES;
				CLANG_WARN_RANGE_LOOP_ANALYSIS = YES;
				CLANG_WARN_STRICT_PROTOTYPES = YES;
				CLANG_WARN_SUSPICIOUS_MOVE = YES;
				CLANG_WARN_UNGUARDED_AVAILABILITY = YES_AGGRESSIVE;
				CLANG_WARN_UNREACHABLE_CODE = YES;
				CLANG_WARN__DUPLICATE_METHOD_MATCH = YES;
				COPY_PHASE_STRIP = NO;
				DEBUG_INFORMATION_FORMAT = dwarf;
				ENABLE_STRICT_OBJC_MSGSEND = YES;
				ENABLE_TESTABILITY = YES;
				GCC_C_LANGUAGE_STANDARD = gnu11;
				GCC_DYNAMIC_NO_PIC = NO;
				GCC_NO_COMMON_BLOCKS = YES;
				GCC_OPTIMIZATION_LEVEL = 0;
				GCC_PREPROCESSOR_DEFINITIONS = (
					"DEBUG=1",
					"$(inherited)",
				);
				GCC_WARN_64_TO_32_BIT_CONVERSION = YES;
				GCC_WARN_ABOUT_RETURN_TYPE = YES_ERROR;
				GCC_WARN_UNDECLARED_SELECTOR = YES;
				GCC_WARN_UNINITIALIZED_AUTOS = YES_AGGRESSIVE;
				GCC_WARN_UNUSED_FUNCTION = YES;
				GCC_WARN_UNUSED_VARIABLE = YES;
				IPHONEOS_DEPLOYMENT_TARGET = 16.4;
				MTL_ENABLE_DEBUG_INFO = INCLUDE_SOURCE;
				MTL_FAST_MATH = YES;
				ONLY_ACTIVE_ARCH = YES;
				SDKROOT = iphoneos;
				SWIFT_ACTIVE_COMPILATION_CONDITIONS = DEBUG;
				SWIFT_OPTIMIZATION_LEVEL = "-Onone";
			};
			name = Debug;
		};
		364B6D6D2A879A69005E4856 /* Release */ = {
			isa = XCBuildConfiguration;
			buildSettings = {
				ALWAYS_SEARCH_USER_PATHS = NO;
				CLANG_ANALYZER_NONNULL = YES;
				CLANG_ANALYZER_NUMBER_OBJECT_CONVERSION = YES_AGGRESSIVE;
				CLANG_CXX_LANGUAGE_STANDARD = "gnu++20";
				CLANG_ENABLE_MODULES = YES;
				CLANG_ENABLE_OBJC_ARC = YES;
				CLANG_ENABLE_OBJC_WEAK = YES;
				CLANG_WARN_BLOCK_CAPTURE_AUTORELEASING = YES;
				CLANG_WARN_BOOL_CONVERSION = YES;
				CLANG_WARN_COMMA = YES;
				CLANG_WARN_CONSTANT_CONVERSION = YES;
				CLANG_WARN_DEPRECATED_OBJC_IMPLEMENTATIONS = YES;
				CLANG_WARN_DIRECT_OBJC_ISA_USAGE = YES_ERROR;
				CLANG_WARN_DOCUMENTATION_COMMENTS = YES;
				CLANG_WARN_EMPTY_BODY = YES;
				CLANG_WARN_ENUM_CONVERSION = YES;
				CLANG_WARN_INFINITE_RECURSION = YES;
				CLANG_WARN_INT_CONVERSION = YES;
				CLANG_WARN_NON_LITERAL_NULL_CONVERSION = YES;
				CLANG_WARN_OBJC_IMPLICIT_RETAIN_SELF = YES;
				CLANG_WARN_OBJC_LITERAL_CONVERSION = YES;
				CLANG_WARN_OBJC_ROOT_CLASS = YES_ERROR;
				CLANG_WARN_QUOTED_INCLUDE_IN_FRAMEWORK_HEADER = YES;
				CLANG_WARN_RANGE_LOOP_ANALYSIS = YES;
				CLANG_WARN_STRICT_PROTOTYPES = YES;
				CLANG_WARN_SUSPICIOUS_MOVE = YES;
				CLANG_WARN_UNGUARDED_AVAILABILITY = YES_AGGRESSIVE;
				CLANG_WARN_UNREACHABLE_CODE = YES;
				CLANG_WARN__DUPLICATE_METHOD_MATCH = YES;
				COPY_PHASE_STRIP = NO;
				DEBUG_INFORMATION_FORMAT = "dwarf-with-dsym";
				ENABLE_NS_ASSERTIONS = NO;
				ENABLE_STRICT_OBJC_MSGSEND = YES;
				GCC_C_LANGUAGE_STANDARD = gnu11;
				GCC_NO_COMMON_BLOCKS = YES;
				GCC_WARN_64_TO_32_BIT_CONVERSION = YES;
				GCC_WARN_ABOUT_RETURN_TYPE = YES_ERROR;
				GCC_WARN_UNDECLARED_SELECTOR = YES;
				GCC_WARN_UNINITIALIZED_AUTOS = YES_AGGRESSIVE;
				GCC_WARN_UNUSED_FUNCTION = YES;
				GCC_WARN_UNUSED_VARIABLE = YES;
				IPHONEOS_DEPLOYMENT_TARGET = 16.4;
				MTL_ENABLE_DEBUG_INFO = NO;
				MTL_FAST_MATH = YES;
				SDKROOT = iphoneos;
				SWIFT_COMPILATION_MODE = wholemodule;
				SWIFT_OPTIMIZATION_LEVEL = "-O";
				VALIDATE_PRODUCT = YES;
			};
			name = Release;
		};
		364B6D6F2A879A69005E4856 /* Debug */ = {
			isa = XCBuildConfiguration;
			buildSettings = {
				ASSETCATALOG_COMPILER_APPICON_NAME = AppIcon;
				ASSETCATALOG_COMPILER_GLOBAL_ACCENT_COLOR_NAME = AccentColor;
				CLANG_ENABLE_MODULES = YES;
				CODE_SIGN_STYLE = Automatic;
				CURRENT_PROJECT_VERSION = 1;
				DEVELOPMENT_ASSET_PATHS = "\"TestApp/Preview Content\"";
				DEVELOPMENT_TEAM = K9NKZR257N;
				ENABLE_PREVIEWS = YES;
				GENERATE_INFOPLIST_FILE = YES;
				INFOPLIST_FILE = TestApp/Info.plist;
				INFOPLIST_KEY_NSLocationAlwaysAndWhenInUseUsageDescription = "항상 위치정보를 수신합니다";
				INFOPLIST_KEY_NSLocationWhenInUseUsageDescription = "앱을 사용하는 동안에만 위치정보를 수신합니다";
				INFOPLIST_KEY_UIApplicationSceneManifest_Generation = YES;
				INFOPLIST_KEY_UIApplicationSupportsIndirectInputEvents = YES;
				INFOPLIST_KEY_UILaunchScreen_Generation = YES;
				INFOPLIST_KEY_UISupportedInterfaceOrientations_iPad = "UIInterfaceOrientationPortrait UIInterfaceOrientationPortraitUpsideDown UIInterfaceOrientationLandscapeLeft UIInterfaceOrientationLandscapeRight";
				INFOPLIST_KEY_UISupportedInterfaceOrientations_iPhone = "UIInterfaceOrientationPortrait UIInterfaceOrientationLandscapeLeft UIInterfaceOrientationLandscapeRight";
				LD_RUNPATH_SEARCH_PATHS = (
					"$(inherited)",
					"@executable_path/Frameworks",
				);
				MARKETING_VERSION = 1.0;
				PRODUCT_BUNDLE_IDENTIFIER = IcyChoo.TestApp;
				PRODUCT_NAME = "$(TARGET_NAME)";
				SWIFT_EMIT_LOC_STRINGS = YES;
				SWIFT_OBJC_BRIDGING_HEADER = "TestApp/Application/TestApp-Bridging-Header.h";
				SWIFT_OPTIMIZATION_LEVEL = "-Onone";
				SWIFT_VERSION = 5.0;
				TARGETED_DEVICE_FAMILY = "1,2";
			};
			name = Debug;
		};
		364B6D702A879A69005E4856 /* Release */ = {
			isa = XCBuildConfiguration;
			buildSettings = {
				ASSETCATALOG_COMPILER_APPICON_NAME = AppIcon;
				ASSETCATALOG_COMPILER_GLOBAL_ACCENT_COLOR_NAME = AccentColor;
				CLANG_ENABLE_MODULES = YES;
				CODE_SIGN_STYLE = Automatic;
				CURRENT_PROJECT_VERSION = 1;
				DEVELOPMENT_ASSET_PATHS = "\"TestApp/Preview Content\"";
				DEVELOPMENT_TEAM = K9NKZR257N;
				ENABLE_PREVIEWS = YES;
				GENERATE_INFOPLIST_FILE = YES;
				INFOPLIST_FILE = TestApp/Info.plist;
				INFOPLIST_KEY_NSLocationAlwaysAndWhenInUseUsageDescription = "항상 위치정보를 수신합니다";
				INFOPLIST_KEY_NSLocationWhenInUseUsageDescription = "앱을 사용하는 동안에만 위치정보를 수신합니다";
				INFOPLIST_KEY_UIApplicationSceneManifest_Generation = YES;
				INFOPLIST_KEY_UIApplicationSupportsIndirectInputEvents = YES;
				INFOPLIST_KEY_UILaunchScreen_Generation = YES;
				INFOPLIST_KEY_UISupportedInterfaceOrientations_iPad = "UIInterfaceOrientationPortrait UIInterfaceOrientationPortraitUpsideDown UIInterfaceOrientationLandscapeLeft UIInterfaceOrientationLandscapeRight";
				INFOPLIST_KEY_UISupportedInterfaceOrientations_iPhone = "UIInterfaceOrientationPortrait UIInterfaceOrientationLandscapeLeft UIInterfaceOrientationLandscapeRight";
				LD_RUNPATH_SEARCH_PATHS = (
					"$(inherited)",
					"@executable_path/Frameworks",
				);
				MARKETING_VERSION = 1.0;
				PRODUCT_BUNDLE_IDENTIFIER = IcyChoo.TestApp;
				PRODUCT_NAME = "$(TARGET_NAME)";
				SWIFT_EMIT_LOC_STRINGS = YES;
				SWIFT_OBJC_BRIDGING_HEADER = "TestApp/Application/TestApp-Bridging-Header.h";
				SWIFT_VERSION = 5.0;
				TARGETED_DEVICE_FAMILY = "1,2";
			};
			name = Release;
		};
/* End XCBuildConfiguration section */

/* Begin XCConfigurationList section */
		364B6D5B2A879A67005E4856 /* Build configuration list for PBXProject "TestApp" */ = {
			isa = XCConfigurationList;
			buildConfigurations = (
				364B6D6C2A879A69005E4856 /* Debug */,
				364B6D6D2A879A69005E4856 /* Release */,
			);
			defaultConfigurationIsVisible = 0;
			defaultConfigurationName = Release;
		};
		364B6D6E2A879A69005E4856 /* Build configuration list for PBXNativeTarget "TestApp" */ = {
			isa = XCConfigurationList;
			buildConfigurations = (
				364B6D6F2A879A69005E4856 /* Debug */,
				364B6D702A879A69005E4856 /* Release */,
			);
			defaultConfigurationIsVisible = 0;
			defaultConfigurationName = Release;
		};
/* End XCConfigurationList section */

/* Begin XCRemoteSwiftPackageReference section */
		364B6D7E2A879BF5005E4856 /* XCRemoteSwiftPackageReference "KNSDK-UI" */ = {
			isa = XCRemoteSwiftPackageReference;
			repositoryURL = "https://github.com/kakaomob/KNSDK-UI.git";
			requirement = {
				kind = upToNextMajorVersion;
				minimumVersion = 1.0.0;
			};
		};
		364B6D812A879C03005E4856 /* XCRemoteSwiftPackageReference "Alamofire" */ = {
			isa = XCRemoteSwiftPackageReference;
			repositoryURL = "https://github.com/Alamofire/Alamofire";
			requirement = {
				kind = upToNextMajorVersion;
				minimumVersion = 5.0.0;
			};
		};
/* End XCRemoteSwiftPackageReference section */

/* Begin XCSwiftPackageProductDependency section */
		364B6D7F2A879BF5005E4856 /* KNSDK */ = {
			isa = XCSwiftPackageProductDependency;
			package = 364B6D7E2A879BF5005E4856 /* XCRemoteSwiftPackageReference "KNSDK-UI" */;
			productName = KNSDK;
		};
		364B6D822A879C03005E4856 /* Alamofire */ = {
			isa = XCSwiftPackageProductDependency;
			package = 364B6D812A879C03005E4856 /* XCRemoteSwiftPackageReference "Alamofire" */;
			productName = Alamofire;
		};
/* End XCSwiftPackageProductDependency section */
	};
	rootObject = 364B6D582A879A67005E4856 /* Project object */;
}
